// !$*UTF8*$!
{
	archiveVersion = 1;
	classes = {
	};
	objectVersion = 56;
	objects = {

/* Begin PBXBuildFile section */
		F55AF61A2C5ECC3200B4E4E2 /* DataUSAApp.swift in Sources */ = {isa = PBXBuildFile; fileRef = F55AF6192C5ECC3200B4E4E2 /* DataUSAApp.swift */; };
		F55AF61C2C5ECC3200B4E4E2 /* ContentView.swift in Sources */ = {isa = PBXBuildFile; fileRef = F55AF61B2C5ECC3200B4E4E2 /* ContentView.swift */; };
		F55AF61E2C5ECC3300B4E4E2 /* Assets.xcassets in Resources */ = {isa = PBXBuildFile; fileRef = F55AF61D2C5ECC3300B4E4E2 /* Assets.xcassets */; };
		F55AF6212C5ECC3300B4E4E2 /* Preview Assets.xcassets in Resources */ = {isa = PBXBuildFile; fileRef = F55AF6202C5ECC3300B4E4E2 /* Preview Assets.xcassets */; };
		F55AF6472C5ECD2500B4E4E2 /* StateData.swift in Sources */ = {isa = PBXBuildFile; fileRef = F55AF6462C5ECD2500B4E4E2 /* StateData.swift */; };
		F55AF64B2C5ECEA000B4E4E2 /* MainView+ViewModel.swift in Sources */ = {isa = PBXBuildFile; fileRef = F55AF6482C5ECEA000B4E4E2 /* MainView+ViewModel.swift */; };
		F55AF64C2C5ECEA000B4E4E2 /* StateCellView+ViewModel.swift in Sources */ = {isa = PBXBuildFile; fileRef = F55AF6492C5ECEA000B4E4E2 /* StateCellView+ViewModel.swift */; };
		F55AF64D2C5ECEA000B4E4E2 /* StateDetailView+ViewModel.swift in Sources */ = {isa = PBXBuildFile; fileRef = F55AF64A2C5ECEA000B4E4E2 /* StateDetailView+ViewModel.swift */; };
		F55AF6512C5ECED400B4E4E2 /* StateCellView.swift in Sources */ = {isa = PBXBuildFile; fileRef = F55AF64E2C5ECED400B4E4E2 /* StateCellView.swift */; };
		F55AF6522C5ECED400B4E4E2 /* StateDetailView.swift in Sources */ = {isa = PBXBuildFile; fileRef = F55AF64F2C5ECED400B4E4E2 /* StateDetailView.swift */; };
		F55AF6532C5ECED400B4E4E2 /* MainView.swift in Sources */ = {isa = PBXBuildFile; fileRef = F55AF6502C5ECED400B4E4E2 /* MainView.swift */; };
		F55AF6552C5ED01100B4E4E2 /* Constants.swift in Sources */ = {isa = PBXBuildFile; fileRef = F55AF6542C5ED01100B4E4E2 /* Constants.swift */; };
		F55AF6572C5ED44600B4E4E2 /* NetworkError.swift in Sources */ = {isa = PBXBuildFile; fileRef = F55AF6562C5ED44600B4E4E2 /* NetworkError.swift */; };
		F55AF65B2C5ED50500B4E4E2 /* DataService.swift in Sources */ = {isa = PBXBuildFile; fileRef = F55AF65A2C5ED50500B4E4E2 /* DataService.swift */; };
		F55AF65D2C5F9FAF00B4E4E2 /* NationData.swift in Sources */ = {isa = PBXBuildFile; fileRef = F55AF65C2C5F9FAF00B4E4E2 /* NationData.swift */; };
		F55AF65F2C5FC19400B4E4E2 /* NationCellView.swift in Sources */ = {isa = PBXBuildFile; fileRef = F55AF65E2C5FC19400B4E4E2 /* NationCellView.swift */; };
		F55AF6612C5FC1EA00B4E4E2 /* NationCellView+ViewModel.swift in Sources */ = {isa = PBXBuildFile; fileRef = F55AF6602C5FC1EA00B4E4E2 /* NationCellView+ViewModel.swift */; };
		F55AF6632C5FE23200B4E4E2 /* Endpoints.swift in Sources */ = {isa = PBXBuildFile; fileRef = F55AF6622C5FE23200B4E4E2 /* Endpoints.swift */; };
		F581F9A92C637971005D234B /* NationDetailView.swift in Sources */ = {isa = PBXBuildFile; fileRef = F581F9A82C637971005D234B /* NationDetailView.swift */; };
		F581F9AC2C6379E8005D234B /* NationDetailView+ViewModel.swift in Sources */ = {isa = PBXBuildFile; fileRef = F581F9AA2C6379DE005D234B /* NationDetailView+ViewModel.swift */; };
		F581F9AE2C63979D005D234B /* StateCellViewUnitTests.swift in Sources */ = {isa = PBXBuildFile; fileRef = F581F9AD2C63979D005D234B /* StateCellViewUnitTests.swift */; };
		F59447F72C63BA1F00F7DAE0 /* NationCellViewUnitTests.swift in Sources */ = {isa = PBXBuildFile; fileRef = F59447F62C63BA1F00F7DAE0 /* NationCellViewUnitTests.swift */; };
		F59447F92C63BB2000F7DAE0 /* NationDetailViewUnitTests.swift in Sources */ = {isa = PBXBuildFile; fileRef = F59447F82C63BB2000F7DAE0 /* NationDetailViewUnitTests.swift */; };
		F59447FC2C63C91A00F7DAE0 /* StateDetailViewUnitTests.swift in Sources */ = {isa = PBXBuildFile; fileRef = F59447FB2C63C91A00F7DAE0 /* StateDetailViewUnitTests.swift */; };
		F59448002C63CC3A00F7DAE0 /* MainViewUnitTests.swift in Sources */ = {isa = PBXBuildFile; fileRef = F59447FF2C63CC3A00F7DAE0 /* MainViewUnitTests.swift */; };
/* End PBXBuildFile section */

/* Begin PBXContainerItemProxy section */
		F55AF6272C5ECC3300B4E4E2 /* PBXContainerItemProxy */ = {
			isa = PBXContainerItemProxy;
			containerPortal = F55AF60E2C5ECC3200B4E4E2 /* Project object */;
			proxyType = 1;
			remoteGlobalIDString = F55AF6152C5ECC3200B4E4E2;
			remoteInfo = DataUSA;
		};
/* End PBXContainerItemProxy section */

/* Begin PBXFileReference section */
		F55AF6162C5ECC3200B4E4E2 /* DataUSA.app */ = {isa = PBXFileReference; explicitFileType = wrapper.application; includeInIndex = 0; path = DataUSA.app; sourceTree = BUILT_PRODUCTS_DIR; };
		F55AF6192C5ECC3200B4E4E2 /* DataUSAApp.swift */ = {isa = PBXFileReference; lastKnownFileType = sourcecode.swift; path = DataUSAApp.swift; sourceTree = "<group>"; };
		F55AF61B2C5ECC3200B4E4E2 /* ContentView.swift */ = {isa = PBXFileReference; lastKnownFileType = sourcecode.swift; path = ContentView.swift; sourceTree = "<group>"; };
		F55AF61D2C5ECC3300B4E4E2 /* Assets.xcassets */ = {isa = PBXFileReference; lastKnownFileType = folder.assetcatalog; path = Assets.xcassets; sourceTree = "<group>"; };
		F55AF6202C5ECC3300B4E4E2 /* Preview Assets.xcassets */ = {isa = PBXFileReference; lastKnownFileType = folder.assetcatalog; path = "Preview Assets.xcassets"; sourceTree = "<group>"; };
		F55AF6262C5ECC3300B4E4E2 /* DataUSATests.xctest */ = {isa = PBXFileReference; explicitFileType = wrapper.cfbundle; includeInIndex = 0; path = DataUSATests.xctest; sourceTree = BUILT_PRODUCTS_DIR; };
		F55AF6462C5ECD2500B4E4E2 /* StateData.swift */ = {isa = PBXFileReference; lastKnownFileType = sourcecode.swift; path = StateData.swift; sourceTree = "<group>"; };
		F55AF6482C5ECEA000B4E4E2 /* MainView+ViewModel.swift */ = {isa = PBXFileReference; fileEncoding = 4; lastKnownFileType = sourcecode.swift; path = "MainView+ViewModel.swift"; sourceTree = "<group>"; };
		F55AF6492C5ECEA000B4E4E2 /* StateCellView+ViewModel.swift */ = {isa = PBXFileReference; fileEncoding = 4; lastKnownFileType = sourcecode.swift; path = "StateCellView+ViewModel.swift"; sourceTree = "<group>"; };
		F55AF64A2C5ECEA000B4E4E2 /* StateDetailView+ViewModel.swift */ = {isa = PBXFileReference; fileEncoding = 4; lastKnownFileType = sourcecode.swift; path = "StateDetailView+ViewModel.swift"; sourceTree = "<group>"; };
		F55AF64E2C5ECED400B4E4E2 /* StateCellView.swift */ = {isa = PBXFileReference; fileEncoding = 4; lastKnownFileType = sourcecode.swift; path = StateCellView.swift; sourceTree = "<group>"; };
		F55AF64F2C5ECED400B4E4E2 /* StateDetailView.swift */ = {isa = PBXFileReference; fileEncoding = 4; lastKnownFileType = sourcecode.swift; path = StateDetailView.swift; sourceTree = "<group>"; };
		F55AF6502C5ECED400B4E4E2 /* MainView.swift */ = {isa = PBXFileReference; fileEncoding = 4; lastKnownFileType = sourcecode.swift; path = MainView.swift; sourceTree = "<group>"; };
		F55AF6542C5ED01100B4E4E2 /* Constants.swift */ = {isa = PBXFileReference; fileEncoding = 4; lastKnownFileType = sourcecode.swift; path = Constants.swift; sourceTree = "<group>"; };
		F55AF6562C5ED44600B4E4E2 /* NetworkError.swift */ = {isa = PBXFileReference; fileEncoding = 4; lastKnownFileType = sourcecode.swift; path = NetworkError.swift; sourceTree = "<group>"; };
		F55AF65A2C5ED50500B4E4E2 /* DataService.swift */ = {isa = PBXFileReference; fileEncoding = 4; lastKnownFileType = sourcecode.swift; path = DataService.swift; sourceTree = "<group>"; };
		F55AF65C2C5F9FAF00B4E4E2 /* NationData.swift */ = {isa = PBXFileReference; lastKnownFileType = sourcecode.swift; path = NationData.swift; sourceTree = "<group>"; };
		F55AF65E2C5FC19400B4E4E2 /* NationCellView.swift */ = {isa = PBXFileReference; lastKnownFileType = sourcecode.swift; path = NationCellView.swift; sourceTree = "<group>"; };
		F55AF6602C5FC1EA00B4E4E2 /* NationCellView+ViewModel.swift */ = {isa = PBXFileReference; lastKnownFileType = sourcecode.swift; path = "NationCellView+ViewModel.swift"; sourceTree = "<group>"; };
		F55AF6622C5FE23200B4E4E2 /* Endpoints.swift */ = {isa = PBXFileReference; lastKnownFileType = sourcecode.swift; path = Endpoints.swift; sourceTree = "<group>"; };
		F581F9A82C637971005D234B /* NationDetailView.swift */ = {isa = PBXFileReference; lastKnownFileType = sourcecode.swift; path = NationDetailView.swift; sourceTree = "<group>"; };
		F581F9AA2C6379DE005D234B /* NationDetailView+ViewModel.swift */ = {isa = PBXFileReference; lastKnownFileType = sourcecode.swift; path = "NationDetailView+ViewModel.swift"; sourceTree = "<group>"; };
		F581F9AD2C63979D005D234B /* StateCellViewUnitTests.swift */ = {isa = PBXFileReference; lastKnownFileType = sourcecode.swift; path = StateCellViewUnitTests.swift; sourceTree = "<group>"; };
		F59447F62C63BA1F00F7DAE0 /* NationCellViewUnitTests.swift */ = {isa = PBXFileReference; lastKnownFileType = sourcecode.swift; path = NationCellViewUnitTests.swift; sourceTree = "<group>"; };
		F59447F82C63BB2000F7DAE0 /* NationDetailViewUnitTests.swift */ = {isa = PBXFileReference; lastKnownFileType = sourcecode.swift; path = NationDetailViewUnitTests.swift; sourceTree = "<group>"; };
		F59447FA2C63C29B00F7DAE0 /* DataUSA.xctestplan */ = {isa = PBXFileReference; lastKnownFileType = text; path = DataUSA.xctestplan; sourceTree = "<group>"; };
		F59447FB2C63C91A00F7DAE0 /* StateDetailViewUnitTests.swift */ = {isa = PBXFileReference; lastKnownFileType = sourcecode.swift; path = StateDetailViewUnitTests.swift; sourceTree = "<group>"; };
		F59447FF2C63CC3A00F7DAE0 /* MainViewUnitTests.swift */ = {isa = PBXFileReference; lastKnownFileType = sourcecode.swift; path = MainViewUnitTests.swift; sourceTree = "<group>"; };
/* End PBXFileReference section */

/* Begin PBXFrameworksBuildPhase section */
		F55AF6132C5ECC3200B4E4E2 /* Frameworks */ = {
			isa = PBXFrameworksBuildPhase;
			buildActionMask = 2147483647;
			files = (
			);
			runOnlyForDeploymentPostprocessing = 0;
		};
		F55AF6232C5ECC3300B4E4E2 /* Frameworks */ = {
			isa = PBXFrameworksBuildPhase;
			buildActionMask = 2147483647;
			files = (
			);
			runOnlyForDeploymentPostprocessing = 0;
		};
/* End PBXFrameworksBuildPhase section */

/* Begin PBXGroup section */
		F55AF60D2C5ECC3200B4E4E2 = {
			isa = PBXGroup;
			children = (
				F59447FA2C63C29B00F7DAE0 /* DataUSA.xctestplan */,
				F55AF6182C5ECC3200B4E4E2 /* DataUSA */,
				F55AF6292C5ECC3300B4E4E2 /* DataUSATests */,
				F55AF6172C5ECC3200B4E4E2 /* Products */,
			);
			sourceTree = "<group>";
		};
		F55AF6172C5ECC3200B4E4E2 /* Products */ = {
			isa = PBXGroup;
			children = (
				F55AF6162C5ECC3200B4E4E2 /* DataUSA.app */,
				F55AF6262C5ECC3300B4E4E2 /* DataUSATests.xctest */,
			);
			name = Products;
			sourceTree = "<group>";
		};
		F55AF6182C5ECC3200B4E4E2 /* DataUSA */ = {
			isa = PBXGroup;
			children = (
				F55AF6192C5ECC3200B4E4E2 /* DataUSAApp.swift */,
				F55AF61B2C5ECC3200B4E4E2 /* ContentView.swift */,
				F55AF6452C5ECCDA00B4E4E2 /* Models */,
				F55AF6432C5ECCC300B4E4E2 /* Views */,
				F55AF6442C5ECCD000B4E4E2 /* ViewModels */,
				F55AF65A2C5ED50500B4E4E2 /* DataService.swift */,
				F55AF6622C5FE23200B4E4E2 /* Endpoints.swift */,
				F55AF6542C5ED01100B4E4E2 /* Constants.swift */,
				F55AF61D2C5ECC3300B4E4E2 /* Assets.xcassets */,
				F55AF61F2C5ECC3300B4E4E2 /* Preview Content */,
			);
			path = DataUSA;
			sourceTree = "<group>";
		};
		F55AF61F2C5ECC3300B4E4E2 /* Preview Content */ = {
			isa = PBXGroup;
			children = (
				F55AF6202C5ECC3300B4E4E2 /* Preview Assets.xcassets */,
			);
			path = "Preview Content";
			sourceTree = "<group>";
		};
		F55AF6292C5ECC3300B4E4E2 /* DataUSATests */ = {
			isa = PBXGroup;
			children = (
				F59447FF2C63CC3A00F7DAE0 /* MainViewUnitTests.swift */,
				F59447F82C63BB2000F7DAE0 /* NationDetailViewUnitTests.swift */,
				F59447FB2C63C91A00F7DAE0 /* StateDetailViewUnitTests.swift */,
				F59447F62C63BA1F00F7DAE0 /* NationCellViewUnitTests.swift */,
				F581F9AD2C63979D005D234B /* StateCellViewUnitTests.swift */,
			);
			path = DataUSATests;
			sourceTree = "<group>";
		};
		F55AF6432C5ECCC300B4E4E2 /* Views */ = {
			isa = PBXGroup;
			children = (
				F55AF6502C5ECED400B4E4E2 /* MainView.swift */,
				F581F9A82C637971005D234B /* NationDetailView.swift */,
				F55AF64F2C5ECED400B4E4E2 /* StateDetailView.swift */,
				F55AF65E2C5FC19400B4E4E2 /* NationCellView.swift */,
				F55AF64E2C5ECED400B4E4E2 /* StateCellView.swift */,
			);
			path = Views;
			sourceTree = "<group>";
		};
		F55AF6442C5ECCD000B4E4E2 /* ViewModels */ = {
			isa = PBXGroup;
			children = (
				F55AF6482C5ECEA000B4E4E2 /* MainView+ViewModel.swift */,
				F581F9AA2C6379DE005D234B /* NationDetailView+ViewModel.swift */,
				F55AF64A2C5ECEA000B4E4E2 /* StateDetailView+ViewModel.swift */,
				F55AF6602C5FC1EA00B4E4E2 /* NationCellView+ViewModel.swift */,
				F55AF6492C5ECEA000B4E4E2 /* StateCellView+ViewModel.swift */,
			);
			path = ViewModels;
			sourceTree = "<group>";
		};
		F55AF6452C5ECCDA00B4E4E2 /* Models */ = {
			isa = PBXGroup;
			children = (
				F55AF6462C5ECD2500B4E4E2 /* StateData.swift */,
				F55AF65C2C5F9FAF00B4E4E2 /* NationData.swift */,
				F55AF6562C5ED44600B4E4E2 /* NetworkError.swift */,
			);
			path = Models;
			sourceTree = "<group>";
		};
/* End PBXGroup section */

/* Begin PBXNativeTarget section */
		F55AF6152C5ECC3200B4E4E2 /* DataUSA */ = {
			isa = PBXNativeTarget;
			buildConfigurationList = F55AF63A2C5ECC3300B4E4E2 /* Build configuration list for PBXNativeTarget "DataUSA" */;
			buildPhases = (
				F55AF6122C5ECC3200B4E4E2 /* Sources */,
				F55AF6132C5ECC3200B4E4E2 /* Frameworks */,
				F55AF6142C5ECC3200B4E4E2 /* Resources */,
			);
			buildRules = (
			);
			dependencies = (
			);
			name = DataUSA;
			productName = DataUSA;
			productReference = F55AF6162C5ECC3200B4E4E2 /* DataUSA.app */;
			productType = "com.apple.product-type.application";
		};
		F55AF6252C5ECC3300B4E4E2 /* DataUSATests */ = {
			isa = PBXNativeTarget;
			buildConfigurationList = F55AF63D2C5ECC3300B4E4E2 /* Build configuration list for PBXNativeTarget "DataUSATests" */;
			buildPhases = (
				F55AF6222C5ECC3300B4E4E2 /* Sources */,
				F55AF6232C5ECC3300B4E4E2 /* Frameworks */,
				F55AF6242C5ECC3300B4E4E2 /* Resources */,
			);
			buildRules = (
			);
			dependencies = (
				F55AF6282C5ECC3300B4E4E2 /* PBXTargetDependency */,
			);
			name = DataUSATests;
			productName = DataUSATests;
			productReference = F55AF6262C5ECC3300B4E4E2 /* DataUSATests.xctest */;
			productType = "com.apple.product-type.bundle.unit-test";
		};
/* End PBXNativeTarget section */

/* Begin PBXProject section */
		F55AF60E2C5ECC3200B4E4E2 /* Project object */ = {
			isa = PBXProject;
			attributes = {
				BuildIndependentTargetsInParallel = 1;
				LastSwiftUpdateCheck = 1530;
				LastUpgradeCheck = 1530;
				TargetAttributes = {
					F55AF6152C5ECC3200B4E4E2 = {
						CreatedOnToolsVersion = 15.3;
					};
					F55AF6252C5ECC3300B4E4E2 = {
						CreatedOnToolsVersion = 15.3;
						TestTargetID = F55AF6152C5ECC3200B4E4E2;
					};
				};
			};
			buildConfigurationList = F55AF6112C5ECC3200B4E4E2 /* Build configuration list for PBXProject "DataUSA" */;
			compatibilityVersion = "Xcode 14.0";
			developmentRegion = en;
			hasScannedForEncodings = 0;
			knownRegions = (
				en,
				Base,
			);
			mainGroup = F55AF60D2C5ECC3200B4E4E2;
			productRefGroup = F55AF6172C5ECC3200B4E4E2 /* Products */;
			projectDirPath = "";
			projectRoot = "";
			targets = (
				F55AF6152C5ECC3200B4E4E2 /* DataUSA */,
				F55AF6252C5ECC3300B4E4E2 /* DataUSATests */,
			);
		};
/* End PBXProject section */

/* Begin PBXResourcesBuildPhase section */
		F55AF6142C5ECC3200B4E4E2 /* Resources */ = {
			isa = PBXResourcesBuildPhase;
			buildActionMask = 2147483647;
			files = (
				F55AF6212C5ECC3300B4E4E2 /* Preview Assets.xcassets in Resources */,
				F55AF61E2C5ECC3300B4E4E2 /* Assets.xcassets in Resources */,
			);
			runOnlyForDeploymentPostprocessing = 0;
		};
		F55AF6242C5ECC3300B4E4E2 /* Resources */ = {
			isa = PBXResourcesBuildPhase;
			buildActionMask = 2147483647;
			files = (
			);
			runOnlyForDeploymentPostprocessing = 0;
		};
/* End PBXResourcesBuildPhase section */

/* Begin PBXSourcesBuildPhase section */
		F55AF6122C5ECC3200B4E4E2 /* Sources */ = {
			isa = PBXSourcesBuildPhase;
			buildActionMask = 2147483647;
			files = (
				F55AF61C2C5ECC3200B4E4E2 /* ContentView.swift in Sources */,
				F55AF6532C5ECED400B4E4E2 /* MainView.swift in Sources */,
				F55AF6522C5ECED400B4E4E2 /* StateDetailView.swift in Sources */,
				F55AF65B2C5ED50500B4E4E2 /* DataService.swift in Sources */,
				F55AF61A2C5ECC3200B4E4E2 /* DataUSAApp.swift in Sources */,
				F581F9AC2C6379E8005D234B /* NationDetailView+ViewModel.swift in Sources */,
				F55AF64D2C5ECEA000B4E4E2 /* StateDetailView+ViewModel.swift in Sources */,
				F55AF65D2C5F9FAF00B4E4E2 /* NationData.swift in Sources */,
				F55AF65F2C5FC19400B4E4E2 /* NationCellView.swift in Sources */,
				F55AF6552C5ED01100B4E4E2 /* Constants.swift in Sources */,
				F55AF64B2C5ECEA000B4E4E2 /* MainView+ViewModel.swift in Sources */,
				F55AF64C2C5ECEA000B4E4E2 /* StateCellView+ViewModel.swift in Sources */,
				F55AF6472C5ECD2500B4E4E2 /* StateData.swift in Sources */,
				F55AF6572C5ED44600B4E4E2 /* NetworkError.swift in Sources */,
				F55AF6612C5FC1EA00B4E4E2 /* NationCellView+ViewModel.swift in Sources */,
				F55AF6632C5FE23200B4E4E2 /* Endpoints.swift in Sources */,
				F581F9A92C637971005D234B /* NationDetailView.swift in Sources */,
				F55AF6512C5ECED400B4E4E2 /* StateCellView.swift in Sources */,
			);
			runOnlyForDeploymentPostprocessing = 0;
		};
		F55AF6222C5ECC3300B4E4E2 /* Sources */ = {
			isa = PBXSourcesBuildPhase;
			buildActionMask = 2147483647;
			files = (
				F581F9AE2C63979D005D234B /* StateCellViewUnitTests.swift in Sources */,
				F59448002C63CC3A00F7DAE0 /* MainViewUnitTests.swift in Sources */,
				F59447F72C63BA1F00F7DAE0 /* NationCellViewUnitTests.swift in Sources */,
				F59447F92C63BB2000F7DAE0 /* NationDetailViewUnitTests.swift in Sources */,
				F59447FC2C63C91A00F7DAE0 /* StateDetailViewUnitTests.swift in Sources */,
			);
			runOnlyForDeploymentPostprocessing = 0;
		};
/* End PBXSourcesBuildPhase section */

/* Begin PBXTargetDependency section */
		F55AF6282C5ECC3300B4E4E2 /* PBXTargetDependency */ = {
			isa = PBXTargetDependency;
			target = F55AF6152C5ECC3200B4E4E2 /* DataUSA */;
			targetProxy = F55AF6272C5ECC3300B4E4E2 /* PBXContainerItemProxy */;
		};
/* End PBXTargetDependency section */

/* Begin XCBuildConfiguration section */
		F55AF6382C5ECC3300B4E4E2 /* Debug */ = {
			isa = XCBuildConfiguration;
			buildSettings = {
				ALWAYS_SEARCH_USER_PATHS = NO;
				ASSETCATALOG_COMPILER_GENERATE_SWIFT_ASSET_SYMBOL_EXTENSIONS = YES;
				CLANG_ANALYZER_NONNULL = YES;
				CLANG_ANALYZER_NUMBER_OBJECT_CONVERSION = YES_AGGRESSIVE;
				CLANG_CXX_LANGUAGE_STANDARD = "gnu++20";
				CLANG_ENABLE_MODULES = YES;
				CLANG_ENABLE_OBJC_ARC = YES;
				CLANG_ENABLE_OBJC_WEAK = YES;
				CLANG_WARN_BLOCK_CAPTURE_AUTORELEASING = YES;
				CLANG_WARN_BOOL_CONVERSION = YES;
				CLANG_WARN_COMMA = YES;
				CLANG_WARN_CONSTANT_CONVERSION = YES;
				CLANG_WARN_DEPRECATED_OBJC_IMPLEMENTATIONS = YES;
				CLANG_WARN_DIRECT_OBJC_ISA_USAGE = YES_ERROR;
				CLANG_WARN_DOCUMENTATION_COMMENTS = YES;
				CLANG_WARN_EMPTY_BODY = YES;
				CLANG_WARN_ENUM_CONVERSION = YES;
				CLANG_WARN_INFINITE_RECURSION = YES;
				CLANG_WARN_INT_CONVERSION = YES;
				CLANG_WARN_NON_LITERAL_NULL_CONVERSION = YES;
				CLANG_WARN_OBJC_IMPLICIT_RETAIN_SELF = YES;
				CLANG_WARN_OBJC_LITERAL_CONVERSION = YES;
				CLANG_WARN_OBJC_ROOT_CLASS = YES_ERROR;
				CLANG_WARN_QUOTED_INCLUDE_IN_FRAMEWORK_HEADER = YES;
				CLANG_WARN_RANGE_LOOP_ANALYSIS = YES;
				CLANG_WARN_STRICT_PROTOTYPES = YES;
				CLANG_WARN_SUSPICIOUS_MOVE = YES;
				CLANG_WARN_UNGUARDED_AVAILABILITY = YES_AGGRESSIVE;
				CLANG_WARN_UNREACHABLE_CODE = YES;
				CLANG_WARN__DUPLICATE_METHOD_MATCH = YES;
				COPY_PHASE_STRIP = NO;
				DEBUG_INFORMATION_FORMAT = dwarf;
				ENABLE_STRICT_OBJC_MSGSEND = YES;
				ENABLE_TESTABILITY = YES;
				ENABLE_USER_SCRIPT_SANDBOXING = YES;
				GCC_C_LANGUAGE_STANDARD = gnu17;
				GCC_DYNAMIC_NO_PIC = NO;
				GCC_NO_COMMON_BLOCKS = YES;
				GCC_OPTIMIZATION_LEVEL = 0;
				GCC_PREPROCESSOR_DEFINITIONS = (
					"DEBUG=1",
					"$(inherited)",
				);
				GCC_WARN_64_TO_32_BIT_CONVERSION = YES;
				GCC_WARN_ABOUT_RETURN_TYPE = YES_ERROR;
				GCC_WARN_UNDECLARED_SELECTOR = YES;
				GCC_WARN_UNINITIALIZED_AUTOS = YES_AGGRESSIVE;
				GCC_WARN_UNUSED_FUNCTION = YES;
				GCC_WARN_UNUSED_VARIABLE = YES;
				IPHONEOS_DEPLOYMENT_TARGET = 17.4;
				LOCALIZATION_PREFERS_STRING_CATALOGS = YES;
				MTL_ENABLE_DEBUG_INFO = INCLUDE_SOURCE;
				MTL_FAST_MATH = YES;
				ONLY_ACTIVE_ARCH = YES;
				SDKROOT = iphoneos;
				SWIFT_ACTIVE_COMPILATION_CONDITIONS = "DEBUG $(inherited)";
				SWIFT_OPTIMIZATION_LEVEL = "-Onone";
			};
			name = Debug;
		};
		F55AF6392C5ECC3300B4E4E2 /* Release */ = {
			isa = XCBuildConfiguration;
			buildSettings = {
				ALWAYS_SEARCH_USER_PATHS = NO;
				ASSETCATALOG_COMPILER_GENERATE_SWIFT_ASSET_SYMBOL_EXTENSIONS = YES;
				CLANG_ANALYZER_NONNULL = YES;
				CLANG_ANALYZER_NUMBER_OBJECT_CONVERSION = YES_AGGRESSIVE;
				CLANG_CXX_LANGUAGE_STANDARD = "gnu++20";
				CLANG_ENABLE_MODULES = YES;
				CLANG_ENABLE_OBJC_ARC = YES;
				CLANG_ENABLE_OBJC_WEAK = YES;
				CLANG_WARN_BLOCK_CAPTURE_AUTORELEASING = YES;
				CLANG_WARN_BOOL_CONVERSION = YES;
				CLANG_WARN_COMMA = YES;
				CLANG_WARN_CONSTANT_CONVERSION = YES;
				CLANG_WARN_DEPRECATED_OBJC_IMPLEMENTATIONS = YES;
				CLANG_WARN_DIRECT_OBJC_ISA_USAGE = YES_ERROR;
				CLANG_WARN_DOCUMENTATION_COMMENTS = YES;
				CLANG_WARN_EMPTY_BODY = YES;
				CLANG_WARN_ENUM_CONVERSION = YES;
				CLANG_WARN_INFINITE_RECURSION = YES;
				CLANG_WARN_INT_CONVERSION = YES;
				CLANG_WARN_NON_LITERAL_NULL_CONVERSION = YES;
				CLANG_WARN_OBJC_IMPLICIT_RETAIN_SELF = YES;
				CLANG_WARN_OBJC_LITERAL_CONVERSION = YES;
				CLANG_WARN_OBJC_ROOT_CLASS = YES_ERROR;
				CLANG_WARN_QUOTED_INCLUDE_IN_FRAMEWORK_HEADER = YES;
				CLANG_WARN_RANGE_LOOP_ANALYSIS = YES;
				CLANG_WARN_STRICT_PROTOTYPES = YES;
				CLANG_WARN_SUSPICIOUS_MOVE = YES;
				CLANG_WARN_UNGUARDED_AVAILABILITY = YES_AGGRESSIVE;
				CLANG_WARN_UNREACHABLE_CODE = YES;
				CLANG_WARN__DUPLICATE_METHOD_MATCH = YES;
				COPY_PHASE_STRIP = NO;
				DEBUG_INFORMATION_FORMAT = "dwarf-with-dsym";
				ENABLE_NS_ASSERTIONS = NO;
				ENABLE_STRICT_OBJC_MSGSEND = YES;
				ENABLE_USER_SCRIPT_SANDBOXING = YES;
				GCC_C_LANGUAGE_STANDARD = gnu17;
				GCC_NO_COMMON_BLOCKS = YES;
				GCC_WARN_64_TO_32_BIT_CONVERSION = YES;
				GCC_WARN_ABOUT_RETURN_TYPE = YES_ERROR;
				GCC_WARN_UNDECLARED_SELECTOR = YES;
				GCC_WARN_UNINITIALIZED_AUTOS = YES_AGGRESSIVE;
				GCC_WARN_UNUSED_FUNCTION = YES;
				GCC_WARN_UNUSED_VARIABLE = YES;
				IPHONEOS_DEPLOYMENT_TARGET = 17.4;
				LOCALIZATION_PREFERS_STRING_CATALOGS = YES;
				MTL_ENABLE_DEBUG_INFO = NO;
				MTL_FAST_MATH = YES;
				SDKROOT = iphoneos;
				SWIFT_COMPILATION_MODE = wholemodule;
				VALIDATE_PRODUCT = YES;
			};
			name = Release;
		};
		F55AF63B2C5ECC3300B4E4E2 /* Debug */ = {
			isa = XCBuildConfiguration;
			buildSettings = {
				ASSETCATALOG_COMPILER_APPICON_NAME = AppIcon;
				ASSETCATALOG_COMPILER_GLOBAL_ACCENT_COLOR_NAME = AccentColor;
				CODE_SIGN_STYLE = Automatic;
				CURRENT_PROJECT_VERSION = 1;
				DEVELOPMENT_ASSET_PATHS = "\"DataUSA/Preview Content\"";
				DEVELOPMENT_TEAM = 5SGX34KZHL;
				ENABLE_PREVIEWS = YES;
				GENERATE_INFOPLIST_FILE = YES;
				INFOPLIST_KEY_UIApplicationSceneManifest_Generation = YES;
				INFOPLIST_KEY_UIApplicationSupportsIndirectInputEvents = YES;
				INFOPLIST_KEY_UILaunchScreen_Generation = YES;
				INFOPLIST_KEY_UISupportedInterfaceOrientations_iPad = "UIInterfaceOrientationPortrait UIInterfaceOrientationPortraitUpsideDown UIInterfaceOrientationLandscapeLeft UIInterfaceOrientationLandscapeRight";
				INFOPLIST_KEY_UISupportedInterfaceOrientations_iPhone = "UIInterfaceOrientationPortrait UIInterfaceOrientationLandscapeLeft UIInterfaceOrientationLandscapeRight";
				LD_RUNPATH_SEARCH_PATHS = (
					"$(inherited)",
					"@executable_path/Frameworks",
				);
				MARKETING_VERSION = 1.0;
				PRODUCT_BUNDLE_IDENTIFIER = jorge.oneill.DataUSA;
				PRODUCT_NAME = "$(TARGET_NAME)";
				SWIFT_EMIT_LOC_STRINGS = YES;
				SWIFT_VERSION = 5.0;
				TARGETED_DEVICE_FAMILY = "1,2";
			};
			name = Debug;
		};
		F55AF63C2C5ECC3300B4E4E2 /* Release */ = {
			isa = XCBuildConfiguration;
			buildSettings = {
				ASSETCATALOG_COMPILER_APPICON_NAME = AppIcon;
				ASSETCATALOG_COMPILER_GLOBAL_ACCENT_COLOR_NAME = AccentColor;
				CODE_SIGN_STYLE = Automatic;
				CURRENT_PROJECT_VERSION = 1;
				DEVELOPMENT_ASSET_PATHS = "\"DataUSA/Preview Content\"";
				DEVELOPMENT_TEAM = 5SGX34KZHL;
				ENABLE_PREVIEWS = YES;
				GENERATE_INFOPLIST_FILE = YES;
				INFOPLIST_KEY_UIApplicationSceneManifest_Generation = YES;
				INFOPLIST_KEY_UIApplicationSupportsIndirectInputEvents = YES;
				INFOPLIST_KEY_UILaunchScreen_Generation = YES;
				INFOPLIST_KEY_UISupportedInterfaceOrientations_iPad = "UIInterfaceOrientationPortrait UIInterfaceOrientationPortraitUpsideDown UIInterfaceOrientationLandscapeLeft UIInterfaceOrientationLandscapeRight";
				INFOPLIST_KEY_UISupportedInterfaceOrientations_iPhone = "UIInterfaceOrientationPortrait UIInterfaceOrientationLandscapeLeft UIInterfaceOrientationLandscapeRight";
				LD_RUNPATH_SEARCH_PATHS = (
					"$(inherited)",
					"@executable_path/Frameworks",
				);
				MARKETING_VERSION = 1.0;
				PRODUCT_BUNDLE_IDENTIFIER = jorge.oneill.DataUSA;
				PRODUCT_NAME = "$(TARGET_NAME)";
				SWIFT_EMIT_LOC_STRINGS = YES;
				SWIFT_VERSION = 5.0;
				TARGETED_DEVICE_FAMILY = "1,2";
			};
			name = Release;
		};
		F55AF63E2C5ECC3300B4E4E2 /* Debug */ = {
			isa = XCBuildConfiguration;
			buildSettings = {
				ALWAYS_EMBED_SWIFT_STANDARD_LIBRARIES = YES;
				BUNDLE_LOADER = "$(TEST_HOST)";
				CODE_SIGN_STYLE = Automatic;
				CURRENT_PROJECT_VERSION = 1;
				DEVELOPMENT_TEAM = 5SGX34KZHL;
				GENERATE_INFOPLIST_FILE = YES;
				IPHONEOS_DEPLOYMENT_TARGET = 17.4;
				MARKETING_VERSION = 1.0;
				PRODUCT_BUNDLE_IDENTIFIER = jorge.oneill.DataUSATests;
				PRODUCT_NAME = "$(TARGET_NAME)";
				SWIFT_EMIT_LOC_STRINGS = NO;
				SWIFT_VERSION = 5.0;
				TARGETED_DEVICE_FAMILY = "1,2";
				TEST_HOST = "$(BUILT_PRODUCTS_DIR)/DataUSA.app/$(BUNDLE_EXECUTABLE_FOLDER_PATH)/DataUSA";
			};
			name = Debug;
		};
		F55AF63F2C5ECC3300B4E4E2 /* Release */ = {
			isa = XCBuildConfiguration;
			buildSettings = {
				ALWAYS_EMBED_SWIFT_STANDARD_LIBRARIES = YES;
				BUNDLE_LOADER = "$(TEST_HOST)";
				CODE_SIGN_STYLE = Automatic;
				CURRENT_PROJECT_VERSION = 1;
				DEVELOPMENT_TEAM = 5SGX34KZHL;
				GENERATE_INFOPLIST_FILE = YES;
				IPHONEOS_DEPLOYMENT_TARGET = 17.4;
				MARKETING_VERSION = 1.0;
				PRODUCT_BUNDLE_IDENTIFIER = jorge.oneill.DataUSATests;
				PRODUCT_NAME = "$(TARGET_NAME)";
				SWIFT_EMIT_LOC_STRINGS = NO;
				SWIFT_VERSION = 5.0;
				TARGETED_DEVICE_FAMILY = "1,2";
				TEST_HOST = "$(BUILT_PRODUCTS_DIR)/DataUSA.app/$(BUNDLE_EXECUTABLE_FOLDER_PATH)/DataUSA";
			};
			name = Release;
		};
/* End XCBuildConfiguration section */

/* Begin XCConfigurationList section */
		F55AF6112C5ECC3200B4E4E2 /* Build configuration list for PBXProject "DataUSA" */ = {
			isa = XCConfigurationList;
			buildConfigurations = (
				F55AF6382C5ECC3300B4E4E2 /* Debug */,
				F55AF6392C5ECC3300B4E4E2 /* Release */,
			);
			defaultConfigurationIsVisible = 0;
			defaultConfigurationName = Release;
		};
		F55AF63A2C5ECC3300B4E4E2 /* Build configuration list for PBXNativeTarget "DataUSA" */ = {
			isa = XCConfigurationList;
			buildConfigurations = (
				F55AF63B2C5ECC3300B4E4E2 /* Debug */,
				F55AF63C2C5ECC3300B4E4E2 /* Release */,
			);
			defaultConfigurationIsVisible = 0;
			defaultConfigurationName = Release;
		};
		F55AF63D2C5ECC3300B4E4E2 /* Build configuration list for PBXNativeTarget "DataUSATests" */ = {
			isa = XCConfigurationList;
			buildConfigurations = (
				F55AF63E2C5ECC3300B4E4E2 /* Debug */,
				F55AF63F2C5ECC3300B4E4E2 /* Release */,
			);
			defaultConfigurationIsVisible = 0;
			defaultConfigurationName = Release;
		};
/* End XCConfigurationList section */
	};
	rootObject = F55AF60E2C5ECC3200B4E4E2 /* Project object */;
}
